
Microsoft Visual Studio Solution File, Format Version 12.00
# Visual Studio Version 17
VisualStudioVersion = 17.5.33424.131
MinimumVisualStudioVersion = 10.0.40219.1
Project("{FAE04EC0-301F-11D3-BF4B-00C04F79EFBC}") = "p_estacion", "p_estacion.csproj", "{25AF9346-D8A8-4B86-8146-C0430C4DF558}"
EndProject
Global
	GlobalSection(SolutionConfigurationPlatforms) = preSolution
		Debug|Any CPU = Debug|Any CPU
		Release|Any CPU = Release|Any CPU
	EndGlobalSection
	GlobalSection(ProjectConfigurationPlatforms) = postSolution
		{25AF9346-D8A8-4B86-8146-C0430C4DF558}.Debug|Any CPU.ActiveCfg = Debug|Any CPU
		{25AF9346-D8A8-4B86-8146-C0430C4DF558}.Debug|Any CPU.Build.0 = Debug|Any CPU
		{25AF9346-D8A8-4B86-8146-C0430C4DF558}.Release|Any CPU.ActiveCfg = Release|Any CPU
		{25AF9346-D8A8-4B86-8146-C0430C4DF558}.Release|Any CPU.Build.0 = Release|Any CPU
	EndGlobalSection
	GlobalSection(SolutionProperties) = preSolution
		HideSolutionNode = FALSE
	EndGlobalSection
	GlobalSection(ExtensibilityGlobals) = postSolution
		SolutionGuid = {81A97CA8-FBE1-49E2-825E-E8FB33158F8A}
	EndGlobalSection
EndGlobal
