
Microsoft Visual Studio Solution File, Format Version 12.00
# Visual Studio Version 17
VisualStudioVersion = 17.5.33424.131
MinimumVisualStudioVersion = 10.0.40219.1
Project("{FAE04EC0-301F-11D3-BF4B-00C04F79EFBC}") = "Ev_Notas", "Ev_Notas\Ev_Notas.csproj", "{7906E233-D71B-4D54-8587-E2B8C8A4D265}"
EndProject
Global
	GlobalSection(SolutionConfigurationPlatforms) = preSolution
		Debug|Any CPU = Debug|Any CPU
		Release|Any CPU = Release|Any CPU
	EndGlobalSection
	GlobalSection(ProjectConfigurationPlatforms) = postSolution
		{7906E233-D71B-4D54-8587-E2B8C8A4D265}.Debug|Any CPU.ActiveCfg = Debug|Any CPU
		{7906E233-D71B-4D54-8587-E2B8C8A4D265}.Debug|Any CPU.Build.0 = Debug|Any CPU
		{7906E233-D71B-4D54-8587-E2B8C8A4D265}.Release|Any CPU.ActiveCfg = Release|Any CPU
		{7906E233-D71B-4D54-8587-E2B8C8A4D265}.Release|Any CPU.Build.0 = Release|Any CPU
	EndGlobalSection
	GlobalSection(SolutionProperties) = preSolution
		HideSolutionNode = FALSE
	EndGlobalSection
	GlobalSection(ExtensibilityGlobals) = postSolution
		SolutionGuid = {E89DF2B8-D7DF-42C1-AEED-6B715F5DAB70}
	EndGlobalSection
EndGlobal
