
Microsoft Visual Studio Solution File, Format Version 12.00
# Visual Studio Version 17
VisualStudioVersion = 17.5.33424.131
MinimumVisualStudioVersion = 10.0.40219.1
Project("{FAE04EC0-301F-11D3-BF4B-00C04F79EFBC}") = "p_estudiantes", "p_estudiantes.csproj", "{983D837E-B278-496B-AE6B-47C867C40A22}"
EndProject
Global
	GlobalSection(SolutionConfigurationPlatforms) = preSolution
		Debug|Any CPU = Debug|Any CPU
		Release|Any CPU = Release|Any CPU
	EndGlobalSection
	GlobalSection(ProjectConfigurationPlatforms) = postSolution
		{983D837E-B278-496B-AE6B-47C867C40A22}.Debug|Any CPU.ActiveCfg = Debug|Any CPU
		{983D837E-B278-496B-AE6B-47C867C40A22}.Debug|Any CPU.Build.0 = Debug|Any CPU
		{983D837E-B278-496B-AE6B-47C867C40A22}.Release|Any CPU.ActiveCfg = Release|Any CPU
		{983D837E-B278-496B-AE6B-47C867C40A22}.Release|Any CPU.Build.0 = Release|Any CPU
	EndGlobalSection
	GlobalSection(SolutionProperties) = preSolution
		HideSolutionNode = FALSE
	EndGlobalSection
	GlobalSection(ExtensibilityGlobals) = postSolution
		SolutionGuid = {70BFA1A8-4B26-4E4B-9B7B-5C91B6E31C40}
	EndGlobalSection
EndGlobal
