
Microsoft Visual Studio Solution File, Format Version 12.00
# Visual Studio Version 17
VisualStudioVersion = 17.5.33424.131
MinimumVisualStudioVersion = 10.0.40219.1
Project("{FAE04EC0-301F-11D3-BF4B-00C04F79EFBC}") = "p_Parque", "p_Parque.csproj", "{6DF3A706-5C56-42D0-83E9-6928FA8BC3AA}"
EndProject
Global
	GlobalSection(SolutionConfigurationPlatforms) = preSolution
		Debug|Any CPU = Debug|Any CPU
		Release|Any CPU = Release|Any CPU
	EndGlobalSection
	GlobalSection(ProjectConfigurationPlatforms) = postSolution
		{6DF3A706-5C56-42D0-83E9-6928FA8BC3AA}.Debug|Any CPU.ActiveCfg = Debug|Any CPU
		{6DF3A706-5C56-42D0-83E9-6928FA8BC3AA}.Debug|Any CPU.Build.0 = Debug|Any CPU
		{6DF3A706-5C56-42D0-83E9-6928FA8BC3AA}.Release|Any CPU.ActiveCfg = Release|Any CPU
		{6DF3A706-5C56-42D0-83E9-6928FA8BC3AA}.Release|Any CPU.Build.0 = Release|Any CPU
	EndGlobalSection
	GlobalSection(SolutionProperties) = preSolution
		HideSolutionNode = FALSE
	EndGlobalSection
	GlobalSection(ExtensibilityGlobals) = postSolution
		SolutionGuid = {04B8ACAC-F9E1-4CD6-BA15-4CE5A88AE65F}
	EndGlobalSection
EndGlobal
