
Microsoft Visual Studio Solution File, Format Version 12.00
# Visual Studio Version 17
VisualStudioVersion = 17.5.33424.131
MinimumVisualStudioVersion = 10.0.40219.1
Project("{FAE04EC0-301F-11D3-BF4B-00C04F79EFBC}") = "p_Concesionario", "p_Concesionario.csproj", "{9DD88725-FB40-4606-9EF7-8D56AA03B803}"
EndProject
Global
	GlobalSection(SolutionConfigurationPlatforms) = preSolution
		Debug|Any CPU = Debug|Any CPU
		Release|Any CPU = Release|Any CPU
	EndGlobalSection
	GlobalSection(ProjectConfigurationPlatforms) = postSolution
		{9DD88725-FB40-4606-9EF7-8D56AA03B803}.Debug|Any CPU.ActiveCfg = Debug|Any CPU
		{9DD88725-FB40-4606-9EF7-8D56AA03B803}.Debug|Any CPU.Build.0 = Debug|Any CPU
		{9DD88725-FB40-4606-9EF7-8D56AA03B803}.Release|Any CPU.ActiveCfg = Release|Any CPU
		{9DD88725-FB40-4606-9EF7-8D56AA03B803}.Release|Any CPU.Build.0 = Release|Any CPU
	EndGlobalSection
	GlobalSection(SolutionProperties) = preSolution
		HideSolutionNode = FALSE
	EndGlobalSection
	GlobalSection(ExtensibilityGlobals) = postSolution
		SolutionGuid = {CBDE273E-BBDB-4089-909B-51B8A2D0FA31}
	EndGlobalSection
EndGlobal
