
Microsoft Visual Studio Solution File, Format Version 12.00
# Visual Studio Version 17
VisualStudioVersion = 17.13.35919.96 d17.13
MinimumVisualStudioVersion = 10.0.40219.1
Project("{FAE04EC0-301F-11D3-BF4B-00C04F79EFBC}") = "AppMultas.web", "AppMultas.web.csproj", "{4CE3DF58-D510-4EF5-83ED-EDE00CABE439}"
EndProject
Global
	GlobalSection(SolutionConfigurationPlatforms) = preSolution
		Debug|Any CPU = Debug|Any CPU
		Release|Any CPU = Release|Any CPU
	EndGlobalSection
	GlobalSection(ProjectConfigurationPlatforms) = postSolution
		{4CE3DF58-D510-4EF5-83ED-EDE00CABE439}.Debug|Any CPU.ActiveCfg = Debug|Any CPU
		{4CE3DF58-D510-4EF5-83ED-EDE00CABE439}.Debug|Any CPU.Build.0 = Debug|Any CPU
		{4CE3DF58-D510-4EF5-83ED-EDE00CABE439}.Release|Any CPU.ActiveCfg = Release|Any CPU
		{4CE3DF58-D510-4EF5-83ED-EDE00CABE439}.Release|Any CPU.Build.0 = Release|Any CPU
	EndGlobalSection
	GlobalSection(SolutionProperties) = preSolution
		HideSolutionNode = FALSE
	EndGlobalSection
	GlobalSection(ExtensibilityGlobals) = postSolution
		SolutionGuid = {783A0B9D-B5A6-4B60-840F-36A883BAA016}
	EndGlobalSection
EndGlobal
