
Microsoft Visual Studio Solution File, Format Version 12.00
# Visual Studio Version 17
VisualStudioVersion = 17.11.35327.3
MinimumVisualStudioVersion = 10.0.40219.1
Project("{FAE04EC0-301F-11D3-BF4B-00C04F79EFBC}") = "p_multiplexquiz2", "p_multiplexquiz2\p_multiplexquiz2.csproj", "{C8C3D70D-45D9-4A6B-BB67-92FE0721A087}"
EndProject
Global
	GlobalSection(SolutionConfigurationPlatforms) = preSolution
		Debug|Any CPU = Debug|Any CPU
		Release|Any CPU = Release|Any CPU
	EndGlobalSection
	GlobalSection(ProjectConfigurationPlatforms) = postSolution
		{C8C3D70D-45D9-4A6B-BB67-92FE0721A087}.Debug|Any CPU.ActiveCfg = Debug|Any CPU
		{C8C3D70D-45D9-4A6B-BB67-92FE0721A087}.Debug|Any CPU.Build.0 = Debug|Any CPU
		{C8C3D70D-45D9-4A6B-BB67-92FE0721A087}.Release|Any CPU.ActiveCfg = Release|Any CPU
		{C8C3D70D-45D9-4A6B-BB67-92FE0721A087}.Release|Any CPU.Build.0 = Release|Any CPU
	EndGlobalSection
	GlobalSection(SolutionProperties) = preSolution
		HideSolutionNode = FALSE
	EndGlobalSection
	GlobalSection(ExtensibilityGlobals) = postSolution
		SolutionGuid = {4A12FBA9-5848-4422-8803-4CB6422A6A09}
	EndGlobalSection
EndGlobal
